github.com/wraient/pair v0.0.0-20250529191622-36f43fb6cfd7 h1:EJflTVUzdczjFDeVN6MqiDCw1e73kwdbEj44z9iZb68=
github.com/wraient/pair v0.0.0-20250529191622-36f43fb6cfd7/go.mod h1:K/Ao/0CoEVXsA7MrPfT5Y8G9FVEznourbujoih7LlVw=
github.com/wraient/pair v0.0.0-20250605153734-91e283a49d8f h1:+sbwo+7VJ4APNtDHKvkvoqyZiJSYamtAKeEG9NxSjtw=
github.com/wraient/pair v0.0.0-20250605153734-91e283a49d8f/go.mod h1:iBBaIhh/m9Evdqnhrv/yKmRlc8zBCcy75TVY3wIdYKs=
